// !$*UTF8*$!
{
	archiveVersion = 1;
	classes = {
	};
	objectVersion = 46;
	objects = {

/* Begin PBXBuildFile section */
		A90858791DBDEFFD00B9D431 /* LSProjectInfoWindowController.swift in Sources */ = {isa = PBXBuildFile; fileRef = A90858771DBDEFFD00B9D431 /* LSProjectInfoWindowController.swift */; };
		A908587A1DBDEFFD00B9D431 /* LSProjectInfoWindowController.xib in Resources */ = {isa = PBXBuildFile; fileRef = A90858781DBDEFFD00B9D431 /* LSProjectInfoWindowController.xib */; };
		A913053F1DB71A600023D131 /* AppDelegate.swift in Sources */ = {isa = PBXBuildFile; fileRef = A913053E1DB71A600023D131 /* AppDelegate.swift */; };
		A91305411DB71A600023D131 /* Assets.xcassets in Resources */ = {isa = PBXBuildFile; fileRef = A91305401DB71A600023D131 /* Assets.xcassets */; };
		A91305441DB71A600023D131 /* MainMenu.xib in Resources */ = {isa = PBXBuildFile; fileRef = A91305421DB71A600023D131 /* MainMenu.xib */; };
		A91305511DB71D100023D131 /* LSProjectListWindowController.swift in Sources */ = {isa = PBXBuildFile; fileRef = A913054F1DB71D100023D131 /* LSProjectListWindowController.swift */; };
		A91305521DB71D100023D131 /* LSProjectListWindowController.xib in Resources */ = {isa = PBXBuildFile; fileRef = A91305501DB71D100023D131 /* LSProjectListWindowController.xib */; };
		A91305551DB727700023D131 /* LSAPI.swift in Sources */ = {isa = PBXBuildFile; fileRef = A91305541DB727700023D131 /* LSAPI.swift */; };
		A91305571DB8AA5D0023D131 /* LSExtension.swift in Sources */ = {isa = PBXBuildFile; fileRef = A91305561DB8AA5D0023D131 /* LSExtension.swift */; };
		A913056D1DB8BF550023D131 /* YYDB.swift in Sources */ = {isa = PBXBuildFile; fileRef = A913056C1DB8BF550023D131 /* YYDB.swift */; };
		A9F6D33C1DB8C3F100BF97C1 /* libsqlite3.0.tbd in Frameworks */ = {isa = PBXBuildFile; fileRef = A9F6D33B1DB8C3F100BF97C1 /* libsqlite3.0.tbd */; };
		A9F6D33E1DB8C5A400BF97C1 /* String+YYExtension.swift in Sources */ = {isa = PBXBuildFile; fileRef = A9F6D33D1DB8C5A400BF97C1 /* String+YYExtension.swift */; };
		A9F6D3421DB8CF1D00BF97C1 /* YYDefines.swift in Sources */ = {isa = PBXBuildFile; fileRef = A9F6D3411DB8CF1D00BF97C1 /* YYDefines.swift */; };
		A9F6D3441DB9B6DF00BF97C1 /* LSTableProjects.swift in Sources */ = {isa = PBXBuildFile; fileRef = A9F6D3431DB9B6DF00BF97C1 /* LSTableProjects.swift */; };
		A9F6D34A1DB9F7EB00BF97C1 /* YYLocalizedStringAPI.swift in Sources */ = {isa = PBXBuildFile; fileRef = A9F6D3491DB9F7EB00BF97C1 /* YYLocalizedStringAPI.swift */; };
/* End PBXBuildFile section */

/* Begin PBXFileReference section */
		A90858771DBDEFFD00B9D431 /* LSProjectInfoWindowController.swift */ = {isa = PBXFileReference; fileEncoding = 4; lastKnownFileType = sourcecode.swift; path = LSProjectInfoWindowController.swift; sourceTree = "<group>"; };
		A90858781DBDEFFD00B9D431 /* LSProjectInfoWindowController.xib */ = {isa = PBXFileReference; fileEncoding = 4; lastKnownFileType = file.xib; path = LSProjectInfoWindowController.xib; sourceTree = "<group>"; };
		A913053B1DB71A600023D131 /* YYLocalizableStrings.app */ = {isa = PBXFileReference; explicitFileType = wrapper.application; includeInIndex = 0; path = YYLocalizableStrings.app; sourceTree = BUILT_PRODUCTS_DIR; };
		A913053E1DB71A600023D131 /* AppDelegate.swift */ = {isa = PBXFileReference; lastKnownFileType = sourcecode.swift; path = AppDelegate.swift; sourceTree = "<group>"; };
		A91305401DB71A600023D131 /* Assets.xcassets */ = {isa = PBXFileReference; lastKnownFileType = folder.assetcatalog; path = Assets.xcassets; sourceTree = "<group>"; };
		A91305431DB71A600023D131 /* Base */ = {isa = PBXFileReference; lastKnownFileType = file.xib; name = Base; path = Base.lproj/MainMenu.xib; sourceTree = "<group>"; };
		A91305451DB71A600023D131 /* Info.plist */ = {isa = PBXFileReference; lastKnownFileType = text.plist.xml; path = Info.plist; sourceTree = "<group>"; };
		A913054F1DB71D100023D131 /* LSProjectListWindowController.swift */ = {isa = PBXFileReference; fileEncoding = 4; lastKnownFileType = sourcecode.swift; path = LSProjectListWindowController.swift; sourceTree = "<group>"; };
		A91305501DB71D100023D131 /* LSProjectListWindowController.xib */ = {isa = PBXFileReference; fileEncoding = 4; lastKnownFileType = file.xib; path = LSProjectListWindowController.xib; sourceTree = "<group>"; };
		A91305541DB727700023D131 /* LSAPI.swift */ = {isa = PBXFileReference; fileEncoding = 4; lastKnownFileType = sourcecode.swift; path = LSAPI.swift; sourceTree = "<group>"; };
		A91305561DB8AA5D0023D131 /* LSExtension.swift */ = {isa = PBXFileReference; fileEncoding = 4; lastKnownFileType = sourcecode.swift; path = LSExtension.swift; sourceTree = "<group>"; };
		A913056C1DB8BF550023D131 /* YYDB.swift */ = {isa = PBXFileReference; fileEncoding = 4; lastKnownFileType = sourcecode.swift; path = YYDB.swift; sourceTree = "<group>"; };
		A9F6D33B1DB8C3F100BF97C1 /* libsqlite3.0.tbd */ = {isa = PBXFileReference; lastKnownFileType = "sourcecode.text-based-dylib-definition"; name = libsqlite3.0.tbd; path = usr/lib/libsqlite3.0.tbd; sourceTree = SDKROOT; };
		A9F6D33D1DB8C5A400BF97C1 /* String+YYExtension.swift */ = {isa = PBXFileReference; fileEncoding = 4; lastKnownFileType = sourcecode.swift; path = "String+YYExtension.swift"; sourceTree = "<group>"; };
		A9F6D33F1DB8C66F00BF97C1 /* YYLocalizableStrings-Bridging-Header.h */ = {isa = PBXFileReference; fileEncoding = 4; lastKnownFileType = sourcecode.c.h; path = "YYLocalizableStrings-Bridging-Header.h"; sourceTree = "<group>"; };
		A9F6D3411DB8CF1D00BF97C1 /* YYDefines.swift */ = {isa = PBXFileReference; fileEncoding = 4; lastKnownFileType = sourcecode.swift; path = YYDefines.swift; sourceTree = "<group>"; };
		A9F6D3431DB9B6DF00BF97C1 /* LSTableProjects.swift */ = {isa = PBXFileReference; fileEncoding = 4; lastKnownFileType = sourcecode.swift; path = LSTableProjects.swift; sourceTree = "<group>"; };
		A9F6D3491DB9F7EB00BF97C1 /* YYLocalizedStringAPI.swift */ = {isa = PBXFileReference; fileEncoding = 4; lastKnownFileType = sourcecode.swift; path = YYLocalizedStringAPI.swift; sourceTree = "<group>"; };
/* End PBXFileReference section */

/* Begin PBXFrameworksBuildPhase section */
		A91305381DB71A600023D131 /* Frameworks */ = {
			isa = PBXFrameworksBuildPhase;
			buildActionMask = 2147483647;
			files = (
				A9F6D33C1DB8C3F100BF97C1 /* libsqlite3.0.tbd in Frameworks */,
			);
			runOnlyForDeploymentPostprocessing = 0;
		};
/* End PBXFrameworksBuildPhase section */

/* Begin PBXGroup section */
		A91305321DB71A600023D131 = {
			isa = PBXGroup;
			children = (
				A913053D1DB71A600023D131 /* YYLocalizableStrings */,
				A913053C1DB71A600023D131 /* Products */,
				A9F6D33A1DB8C3F100BF97C1 /* Frameworks */,
			);
			sourceTree = "<group>";
		};
		A913053C1DB71A600023D131 /* Products */ = {
			isa = PBXGroup;
			children = (
				A913053B1DB71A600023D131 /* YYLocalizableStrings.app */,
			);
			name = Products;
			sourceTree = "<group>";
		};
		A913053D1DB71A600023D131 /* YYLocalizableStrings */ = {
			isa = PBXGroup;
			children = (
				A913054C1DB71C810023D131 /* libs */,
				A913054D1DB71C810023D131 /* src */,
				A913054B1DB71C670023D131 /* Supporting Files */,
			);
			path = YYLocalizableStrings;
			sourceTree = "<group>";
		};
		A913054B1DB71C670023D131 /* Supporting Files */ = {
			isa = PBXGroup;
			children = (
				A913053E1DB71A600023D131 /* AppDelegate.swift */,
				A91305401DB71A600023D131 /* Assets.xcassets */,
				A91305421DB71A600023D131 /* MainMenu.xib */,
				A91305451DB71A600023D131 /* Info.plist */,
				A9F6D33F1DB8C66F00BF97C1 /* YYLocalizableStrings-Bridging-Header.h */,
			);
			name = "Supporting Files";
			sourceTree = "<group>";
		};
		A913054C1DB71C810023D131 /* libs */ = {
			isa = PBXGroup;
			children = (
				A913056B1DB8BF3C0023D131 /* YYUtil */,
			);
			path = libs;
			sourceTree = "<group>";
		};
		A913054D1DB71C810023D131 /* src */ = {
			isa = PBXGroup;
			children = (
				A91305531DB7274F0023D131 /* common */,
				A913054E1DB71CBC0023D131 /* windowControllers */,
			);
			path = src;
			sourceTree = "<group>";
		};
		A913054E1DB71CBC0023D131 /* windowControllers */ = {
			isa = PBXGroup;
			children = (
				A913054F1DB71D100023D131 /* LSProjectListWindowController.swift */,
				A91305501DB71D100023D131 /* LSProjectListWindowController.xib */,
				A90858771DBDEFFD00B9D431 /* LSProjectInfoWindowController.swift */,
				A90858781DBDEFFD00B9D431 /* LSProjectInfoWindowController.xib */,
			);
			path = windowControllers;
			sourceTree = "<group>";
		};
		A91305531DB7274F0023D131 /* common */ = {
			isa = PBXGroup;
			children = (
				A91305541DB727700023D131 /* LSAPI.swift */,
				A91305561DB8AA5D0023D131 /* LSExtension.swift */,
				A9F6D3431DB9B6DF00BF97C1 /* LSTableProjects.swift */,
			);
			path = common;
			sourceTree = "<group>";
		};
		A913056B1DB8BF3C0023D131 /* YYUtil */ = {
			isa = PBXGroup;
			children = (
				A913056C1DB8BF550023D131 /* YYDB.swift */,
				A9F6D33D1DB8C5A400BF97C1 /* String+YYExtension.swift */,
				A9F6D3411DB8CF1D00BF97C1 /* YYDefines.swift */,
				A9F6D3491DB9F7EB00BF97C1 /* YYLocalizedStringAPI.swift */,
			);
			path = YYUtil;
			sourceTree = "<group>";
		};
		A9F6D33A1DB8C3F100BF97C1 /* Frameworks */ = {
			isa = PBXGroup;
			children = (
				A9F6D33B1DB8C3F100BF97C1 /* libsqlite3.0.tbd */,
			);
			name = Frameworks;
			sourceTree = "<group>";
		};
/* End PBXGroup section */

/* Begin PBXNativeTarget section */
		A913053A1DB71A600023D131 /* YYLocalizableStrings */ = {
			isa = PBXNativeTarget;
			buildConfigurationList = A91305481DB71A600023D131 /* Build configuration list for PBXNativeTarget "YYLocalizableStrings" */;
			buildPhases = (
				A91305371DB71A600023D131 /* Sources */,
				A91305381DB71A600023D131 /* Frameworks */,
				A91305391DB71A600023D131 /* Resources */,
			);
			buildRules = (
			);
			dependencies = (
			);
			name = YYLocalizableStrings;
			productName = YYLocalizableStrings;
			productReference = A913053B1DB71A600023D131 /* YYLocalizableStrings.app */;
			productType = "com.apple.product-type.application";
		};
/* End PBXNativeTarget section */

/* Begin PBXProject section */
		A91305331DB71A600023D131 /* Project object */ = {
			isa = PBXProject;
			attributes = {
				LastSwiftUpdateCheck = 0800;
				LastUpgradeCheck = 0800;
				ORGANIZATIONNAME = suchangqin;
				TargetAttributes = {
					A913053A1DB71A600023D131 = {
						CreatedOnToolsVersion = 8.0;
						ProvisioningStyle = Automatic;
					};
				};
			};
			buildConfigurationList = A91305361DB71A600023D131 /* Build configuration list for PBXProject "YYLocalizableStrings" */;
			compatibilityVersion = "Xcode 3.2";
			developmentRegion = English;
			hasScannedForEncodings = 0;
			knownRegions = (
				en,
				Base,
			);
			mainGroup = A91305321DB71A600023D131;
			productRefGroup = A913053C1DB71A600023D131 /* Products */;
			projectDirPath = "";
			projectRoot = "";
			targets = (
				A913053A1DB71A600023D131 /* YYLocalizableStrings */,
			);
		};
/* End PBXProject section */

/* Begin PBXResourcesBuildPhase section */
		A91305391DB71A600023D131 /* Resources */ = {
			isa = PBXResourcesBuildPhase;
			buildActionMask = 2147483647;
			files = (
				A908587A1DBDEFFD00B9D431 /* LSProjectInfoWindowController.xib in Resources */,
				A91305411DB71A600023D131 /* Assets.xcassets in Resources */,
				A91305521DB71D100023D131 /* LSProjectListWindowController.xib in Resources */,
				A91305441DB71A600023D131 /* MainMenu.xib in Resources */,
			);
			runOnlyForDeploymentPostprocessing = 0;
		};
/* End PBXResourcesBuildPhase section */

/* Begin PBXSourcesBuildPhase section */
		A91305371DB71A600023D131 /* Sources */ = {
			isa = PBXSourcesBuildPhase;
			buildActionMask = 2147483647;
			files = (
				A90858791DBDEFFD00B9D431 /* LSProjectInfoWindowController.swift in Sources */,
				A913056D1DB8BF550023D131 /* YYDB.swift in Sources */,
				A9F6D3441DB9B6DF00BF97C1 /* LSTableProjects.swift in Sources */,
				A91305571DB8AA5D0023D131 /* LSExtension.swift in Sources */,
				A9F6D34A1DB9F7EB00BF97C1 /* YYLocalizedStringAPI.swift in Sources */,
				A9F6D33E1DB8C5A400BF97C1 /* String+YYExtension.swift in Sources */,
				A9F6D3421DB8CF1D00BF97C1 /* YYDefines.swift in Sources */,
				A91305551DB727700023D131 /* LSAPI.swift in Sources */,
				A91305511DB71D100023D131 /* LSProjectListWindowController.swift in Sources */,
				A913053F1DB71A600023D131 /* AppDelegate.swift in Sources */,
			);
			runOnlyForDeploymentPostprocessing = 0;
		};
/* End PBXSourcesBuildPhase section */

/* Begin PBXVariantGroup section */
		A91305421DB71A600023D131 /* MainMenu.xib */ = {
			isa = PBXVariantGroup;
			children = (
				A91305431DB71A600023D131 /* Base */,
			);
			name = MainMenu.xib;
			sourceTree = "<group>";
		};
/* End PBXVariantGroup section */

/* Begin XCBuildConfiguration section */
		A91305461DB71A600023D131 /* Debug */ = {
			isa = XCBuildConfiguration;
			buildSettings = {
				ALWAYS_SEARCH_USER_PATHS = NO;
				CLANG_ANALYZER_NONNULL = YES;
				CLANG_CXX_LANGUAGE_STANDARD = "gnu++0x";
				CLANG_CXX_LIBRARY = "libc++";
				CLANG_ENABLE_MODULES = YES;
				CLANG_ENABLE_OBJC_ARC = YES;
				CLANG_WARN_BOOL_CONVERSION = YES;
				CLANG_WARN_CONSTANT_CONVERSION = YES;
				CLANG_WARN_DIRECT_OBJC_ISA_USAGE = YES_ERROR;
				CLANG_WARN_DOCUMENTATION_COMMENTS = YES;
				CLANG_WARN_EMPTY_BODY = YES;
				CLANG_WARN_ENUM_CONVERSION = YES;
				CLANG_WARN_INFINITE_RECURSION = YES;
				CLANG_WARN_INT_CONVERSION = YES;
				CLANG_WARN_OBJC_ROOT_CLASS = YES_ERROR;
				CLANG_WARN_SUSPICIOUS_MOVES = YES;
				CLANG_WARN_UNREACHABLE_CODE = YES;
				CLANG_WARN__DUPLICATE_METHOD_MATCH = YES;
				CODE_SIGN_IDENTITY = "-";
				COPY_PHASE_STRIP = NO;
				DEBUG_INFORMATION_FORMAT = dwarf;
				ENABLE_STRICT_OBJC_MSGSEND = YES;
				ENABLE_TESTABILITY = YES;
				GCC_C_LANGUAGE_STANDARD = gnu99;
				GCC_DYNAMIC_NO_PIC = NO;
				GCC_NO_COMMON_BLOCKS = YES;
				GCC_OPTIMIZATION_LEVEL = 0;
				GCC_PREPROCESSOR_DEFINITIONS = (
					"DEBUG=1",
					"$(inherited)",
				);
				GCC_WARN_64_TO_32_BIT_CONVERSION = YES;
				GCC_WARN_ABOUT_RETURN_TYPE = YES_ERROR;
				GCC_WARN_UNDECLARED_SELECTOR = YES;
				GCC_WARN_UNINITIALIZED_AUTOS = YES_AGGRESSIVE;
				GCC_WARN_UNUSED_FUNCTION = YES;
				GCC_WARN_UNUSED_VARIABLE = YES;
				MACOSX_DEPLOYMENT_TARGET = 10.12;
				MTL_ENABLE_DEBUG_INFO = YES;
				ONLY_ACTIVE_ARCH = YES;
				SDKROOT = macosx;
				SWIFT_ACTIVE_COMPILATION_CONDITIONS = DEBUG;
				SWIFT_OBJC_BRIDGING_HEADER = "YYLocalizableStrings/YYLocalizableStrings-Bridging-Header.h";
				SWIFT_OPTIMIZATION_LEVEL = "-Onone";
			};
			name = Debug;
		};
		A91305471DB71A600023D131 /* Release */ = {
			isa = XCBuildConfiguration;
			buildSettings = {
				ALWAYS_SEARCH_USER_PATHS = NO;
				CLANG_ANALYZER_NONNULL = YES;
				CLANG_CXX_LANGUAGE_STANDARD = "gnu++0x";
				CLANG_CXX_LIBRARY = "libc++";
				CLANG_ENABLE_MODULES = YES;
				CLANG_ENABLE_OBJC_ARC = YES;
				CLANG_WARN_BOOL_CONVERSION = YES;
				CLANG_WARN_CONSTANT_CONVERSION = YES;
				CLANG_WARN_DIRECT_OBJC_ISA_USAGE = YES_ERROR;
				CLANG_WARN_DOCUMENTATION_COMMENTS = YES;
				CLANG_WARN_EMPTY_BODY = YES;
				CLANG_WARN_ENUM_CONVERSION = YES;
				CLANG_WARN_INFINITE_RECURSION = YES;
				CLANG_WARN_INT_CONVERSION = YES;
				CLANG_WARN_OBJC_ROOT_CLASS = YES_ERROR;
				CLANG_WARN_SUSPICIOUS_MOVES = YES;
				CLANG_WARN_UNREACHABLE_CODE = YES;
				CLANG_WARN__DUPLICATE_METHOD_MATCH = YES;
				CODE_SIGN_IDENTITY = "-";
				COPY_PHASE_STRIP = NO;
				DEBUG_INFORMATION_FORMAT = "dwarf-with-dsym";
				ENABLE_NS_ASSERTIONS = NO;
				ENABLE_STRICT_OBJC_MSGSEND = YES;
				GCC_C_LANGUAGE_STANDARD = gnu99;
				GCC_NO_COMMON_BLOCKS = YES;
				GCC_WARN_64_TO_32_BIT_CONVERSION = YES;
				GCC_WARN_ABOUT_RETURN_TYPE = YES_ERROR;
				GCC_WARN_UNDECLARED_SELECTOR = YES;
				GCC_WARN_UNINITIALIZED_AUTOS = YES_AGGRESSIVE;
				GCC_WARN_UNUSED_FUNCTION = YES;
				GCC_WARN_UNUSED_VARIABLE = YES;
				MACOSX_DEPLOYMENT_TARGET = 10.12;
				MTL_ENABLE_DEBUG_INFO = NO;
				SDKROOT = macosx;
				SWIFT_OBJC_BRIDGING_HEADER = "YYLocalizableStrings/YYLocalizableStrings-Bridging-Header.h";
				SWIFT_OPTIMIZATION_LEVEL = "-Owholemodule";
			};
			name = Release;
		};
		A91305491DB71A600023D131 /* Debug */ = {
			isa = XCBuildConfiguration;
			buildSettings = {
				ASSETCATALOG_COMPILER_APPICON_NAME = AppIcon;
				COMBINE_HIDPI_IMAGES = YES;
				INFOPLIST_FILE = YYLocalizableStrings/Info.plist;
				LD_RUNPATH_SEARCH_PATHS = "$(inherited) @executable_path/../Frameworks";
				PRODUCT_BUNDLE_IDENTIFIER = com.yy.YYLocalizableStrings;
				PRODUCT_NAME = "$(TARGET_NAME)";
				SWIFT_VERSION = 3.0;
			};
			name = Debug;
		};
		A913054A1DB71A600023D131 /* Release */ = {
			isa = XCBuildConfiguration;
			buildSettings = {
				ASSETCATALOG_COMPILER_APPICON_NAME = AppIcon;
				COMBINE_HIDPI_IMAGES = YES;
				INFOPLIST_FILE = YYLocalizableStrings/Info.plist;
				LD_RUNPATH_SEARCH_PATHS = "$(inherited) @executable_path/../Frameworks";
				PRODUCT_BUNDLE_IDENTIFIER = com.yy.YYLocalizableStrings;
				PRODUCT_NAME = "$(TARGET_NAME)";
				SWIFT_VERSION = 3.0;
			};
			name = Release;
		};
/* End XCBuildConfiguration section */

/* Begin XCConfigurationList section */
		A91305361DB71A600023D131 /* Build configuration list for PBXProject "YYLocalizableStrings" */ = {
			isa = XCConfigurationList;
			buildConfigurations = (
				A91305461DB71A600023D131 /* Debug */,
				A91305471DB71A600023D131 /* Release */,
			);
			defaultConfigurationIsVisible = 0;
			defaultConfigurationName = Release;
		};
		A91305481DB71A600023D131 /* Build configuration list for PBXNativeTarget "YYLocalizableStrings" */ = {
			isa = XCConfigurationList;
			buildConfigurations = (
				A91305491DB71A600023D131 /* Debug */,
				A913054A1DB71A600023D131 /* Release */,
			);
			defaultConfigurationIsVisible = 0;
			defaultConfigurationName = Release;
		};
/* End XCConfigurationList section */
	};
	rootObject = A91305331DB71A600023D131 /* Project object */;
}
